
Microsoft Visual Studio Solution File, Format Version 12.00
# Visual Studio Version 17
VisualStudioVersion = 17.14.37628.2 d17.14
MinimumVisualStudioVersion = 10.0.40219.1
Project("{FAE04EC0-301F-11D3-BF4B-00C04F79EFBC}") = "average displayed", "average displayed\average displayed.csproj", "{ADD13163-0B62-461D-BB1C-2B7A10FC2884}"
EndProject
Global
	GlobalSection(SolutionConfigurationPlatforms) = preSolution
		Debug|Any CPU = Debug|Any CPU
		Release|Any CPU = Release|Any CPU
	EndGlobalSection
	GlobalSection(ProjectConfigurationPlatforms) = postSolution
		{ADD13163-0B62-461D-BB1C-2B7A10FC2884}.Debug|Any CPU.ActiveCfg = Debug|Any CPU
		{ADD13163-0B62-461D-BB1C-2B7A10FC2884}.Debug|Any CPU.Build.0 = Debug|Any CPU
		{ADD13163-0B62-461D-BB1C-2B7A10FC2884}.Release|Any CPU.ActiveCfg = Release|Any CPU
		{ADD13163-0B62-461D-BB1C-2B7A10FC2884}.Release|Any CPU.Build.0 = Release|Any CPU
	EndGlobalSection
	GlobalSection(SolutionProperties) = preSolution
		HideSolutionNode = FALSE
	EndGlobalSection
	GlobalSection(ExtensibilityGlobals) = postSolution
		SolutionGuid = {3A3F835A-9EF4-4341-B7A1-208320552A97}
	EndGlobalSection
EndGlobal
