
Microsoft Visual Studio Solution File, Format Version 12.00
# Visual Studio Version 17
VisualStudioVersion = 17.14.37628.2 d17.14
MinimumVisualStudioVersion = 10.0.40219.1
Project("{FAE04EC0-301F-11D3-BF4B-00C04F79EFBC}") = "range deciion", "range deciion\range deciion.csproj", "{9F99E64D-048F-4780-8471-BEFD4A36262A}"
EndProject
Global
	GlobalSection(SolutionConfigurationPlatforms) = preSolution
		Debug|Any CPU = Debug|Any CPU
		Release|Any CPU = Release|Any CPU
	EndGlobalSection
	GlobalSection(ProjectConfigurationPlatforms) = postSolution
		{9F99E64D-048F-4780-8471-BEFD4A36262A}.Debug|Any CPU.ActiveCfg = Debug|Any CPU
		{9F99E64D-048F-4780-8471-BEFD4A36262A}.Debug|Any CPU.Build.0 = Debug|Any CPU
		{9F99E64D-048F-4780-8471-BEFD4A36262A}.Release|Any CPU.ActiveCfg = Release|Any CPU
		{9F99E64D-048F-4780-8471-BEFD4A36262A}.Release|Any CPU.Build.0 = Release|Any CPU
	EndGlobalSection
	GlobalSection(SolutionProperties) = preSolution
		HideSolutionNode = FALSE
	EndGlobalSection
	GlobalSection(ExtensibilityGlobals) = postSolution
		SolutionGuid = {4018155B-0DC4-426B-99F9-17857B924345}
	EndGlobalSection
EndGlobal
